{
  "originHash" : "04f64c8196266cb33e41154011bd4d187b5cddaea1f9cf29158aefc17dbde1bd",
  "pins" : [
    {
      "identity" : "filewatcher",
      "kind" : "remoteSourceControl",
      "location" : "https://github.com/eonist/FileWatcher.git",
      "state" : {
        "revision" : "e67c2a99502eade343fecabeca8c57e749a55b59",
        "version" : "0.2.3"
      }
    },
    {
      "identity" : "keyboardshortcuts",
      "kind" : "remoteSourceControl",
      "location" : "https://github.com/sindresorhus/KeyboardShortcuts",
      "state" : {
        "revision" : "09e4a10ed6b65b3a40fe07b6bf0c84809313efc4",
        "version" : "2.0.0"
      }
    },
    {
      "identity" : "keychainaccess",
      "kind" : "remoteSourceControl",
      "location" : "https://github.com/kishikawakatsumi/KeychainAccess",
      "state" : {
        "revision" : "84e546727d66f1adc5439debad16270d0fdd04e7",
        "version" : "4.2.2"
      }
    },
    {
      "identity" : "supabase-swift",
      "kind" : "remoteSourceControl",
      "location" : "https://github.com/supabase-community/supabase-swift.git",
      "state" : {
        "revision" : "81412f18b31c3a28a4c9212af2ed5c3a18dd5f46",
        "version" : "2.10.1"
      }
    },
    {
      "identity" : "swift-concurrency-extras",
      "kind" : "remoteSourceControl",
      "location" : "https://github.com/pointfreeco/swift-concurrency-extras",
      "state" : {
        "revision" : "bb5059bde9022d69ac516803f4f227d8ac967f71",
        "version" : "1.1.0"
      }
    },
    {
      "identity" : "swift-crypto",
      "kind" : "remoteSourceControl",
      "location" : "https://github.com/apple/swift-crypto.git",
      "state" : {
        "revision" : "bc1c29221f6dfeb0ebbfbc98eb95cd3d4967868e",
        "version" : "3.4.0"
      }
    }
  ],
  "version" : 3
}
